
Microsoft Visual Studio Solution File, Format Version 12.00
# Visual Studio Version 17
VisualStudioVersion = 17.3.32901.215
MinimumVisualStudioVersion = 10.0.40219.1
Project("{FAE04EC0-301F-11D3-BF4B-00C04F79EFBC}") = "Tugas Akhir", "Tugas Akhir\Tugas Akhir.csproj", "{F1816E41-A003-4C03-87F2-33DF3A7A303C}"
EndProject
Global
	GlobalSection(SolutionConfigurationPlatforms) = preSolution
		Debug|Any CPU = Debug|Any CPU
		Release|Any CPU = Release|Any CPU
	EndGlobalSection
	GlobalSection(ProjectConfigurationPlatforms) = postSolution
		{F1816E41-A003-4C03-87F2-33DF3A7A303C}.Debug|Any CPU.ActiveCfg = Debug|Any CPU
		{F1816E41-A003-4C03-87F2-33DF3A7A303C}.Debug|Any CPU.Build.0 = Debug|Any CPU
		{F1816E41-A003-4C03-87F2-33DF3A7A303C}.Release|Any CPU.ActiveCfg = Release|Any CPU
		{F1816E41-A003-4C03-87F2-33DF3A7A303C}.Release|Any CPU.Build.0 = Release|Any CPU
	EndGlobalSection
	GlobalSection(SolutionProperties) = preSolution
		HideSolutionNode = FALSE
	EndGlobalSection
	GlobalSection(ExtensibilityGlobals) = postSolution
		SolutionGuid = {06497205-0585-4174-8E4C-3D9F76C4DC50}
	EndGlobalSection
EndGlobal
